// !$*UTF8*$!
{
	archiveVersion = 1;
	classes = {
	};
	objectVersion = 48;
	objects = {

/* Begin PBXBuildFile section */
		7B0A5D8C1FD7100B009C994F /* AppDelegate.swift in Sources */ = {isa = PBXBuildFile; fileRef = 7B0A5D8B1FD7100B009C994F /* AppDelegate.swift */; };
		7B0A5D8E1FD7100B009C994F /* MainVC.swift in Sources */ = {isa = PBXBuildFile; fileRef = 7B0A5D8D1FD7100B009C994F /* MainVC.swift */; };
		7B0A5D911FD7100B009C994F /* Main.storyboard in Resources */ = {isa = PBXBuildFile; fileRef = 7B0A5D8F1FD7100B009C994F /* Main.storyboard */; };
		7B0A5D931FD7100B009C994F /* Assets.xcassets in Resources */ = {isa = PBXBuildFile; fileRef = 7B0A5D921FD7100B009C994F /* Assets.xcassets */; };
		7B0A5D961FD7100B009C994F /* LaunchScreen.storyboard in Resources */ = {isa = PBXBuildFile; fileRef = 7B0A5D941FD7100B009C994F /* LaunchScreen.storyboard */; };
		7B0E5CCB1FD74D660086A83B /* Product.swift in Sources */ = {isa = PBXBuildFile; fileRef = 7B0E5CCA1FD74D660086A83B /* Product.swift */; };
		7B0E5CCD1FD74DB40086A83B /* ProductCell.swift in Sources */ = {isa = PBXBuildFile; fileRef = 7B0E5CCC1FD74DB40086A83B /* ProductCell.swift */; };
		7B0E5CCF1FD74F5A0086A83B /* Identifiers.swift in Sources */ = {isa = PBXBuildFile; fileRef = 7B0E5CCE1FD74F5A0086A83B /* Identifiers.swift */; };
		7B0E5CD11FD752000086A83B /* AlertService.swift in Sources */ = {isa = PBXBuildFile; fileRef = 7B0E5CD01FD752000086A83B /* AlertService.swift */; };
		7B0E5CD31FD777800086A83B /* UserNotificationService.swift in Sources */ = {isa = PBXBuildFile; fileRef = 7B0E5CD21FD777800086A83B /* UserNotificationService.swift */; };
		7B0E5CD61FD782830086A83B /* GoogleService-Info.plist in Resources */ = {isa = PBXBuildFile; fileRef = 7B0E5CD51FD782830086A83B /* GoogleService-Info.plist */; };
		7B26387A1FD9EB5C00E9B6DF /* NotificationService.swift in Sources */ = {isa = PBXBuildFile; fileRef = 7B2638791FD9EB5C00E9B6DF /* NotificationService.swift */; };
		7B26387E1FD9EB5C00E9B6DF /* NotificationServiceExt.appex in Embed App Extensions */ = {isa = PBXBuildFile; fileRef = 7B2638771FD9EB5C00E9B6DF /* NotificationServiceExt.appex */; settings = {ATTRIBUTES = (RemoveHeadersOnCopy, ); }; };
		7B2638861FD9F46000E9B6DF /* DownloadService.swift in Sources */ = {isa = PBXBuildFile; fileRef = 7B2638821FD9F10D00E9B6DF /* DownloadService.swift */; };
		7B4F5C6D1FD8667D005AEE93 /* ProductsSnapshot.swift in Sources */ = {isa = PBXBuildFile; fileRef = 7B4F5C6C1FD8667D005AEE93 /* ProductsSnapshot.swift */; };
		7B4F5C6F1FD875D5005AEE93 /* ProductsService.swift in Sources */ = {isa = PBXBuildFile; fileRef = 7B4F5C6E1FD875D5005AEE93 /* ProductsService.swift */; };
		7B5EA4651FD8ABC800812817 /* FIRMessagingService.swift in Sources */ = {isa = PBXBuildFile; fileRef = 7B5EA4641FD8ABC800812817 /* FIRMessagingService.swift */; };
		7B968D331FD7879F0002029F /* FIRDatabaseService.swift in Sources */ = {isa = PBXBuildFile; fileRef = 7B968D321FD7879F0002029F /* FIRDatabaseService.swift */; };
		8BF4EA44089983E25CAEAE8D /* Pods_HawkIt.framework in Frameworks */ = {isa = PBXBuildFile; fileRef = 9B3303753402BC5CBA71D9D1 /* Pods_HawkIt.framework */; };
/* End PBXBuildFile section */

/* Begin PBXContainerItemProxy section */
		7B26387C1FD9EB5C00E9B6DF /* PBXContainerItemProxy */ = {
			isa = PBXContainerItemProxy;
			containerPortal = 7B0A5D801FD7100B009C994F /* Project object */;
			proxyType = 1;
			remoteGlobalIDString = 7B2638761FD9EB5C00E9B6DF;
			remoteInfo = NotificationServiceExt;
		};
/* End PBXContainerItemProxy section */

/* Begin PBXCopyFilesBuildPhase section */
		7B4B98B41FD9E81600F2902F /* Embed App Extensions */ = {
			isa = PBXCopyFilesBuildPhase;
			buildActionMask = 2147483647;
			dstPath = "";
			dstSubfolderSpec = 13;
			files = (
				7B26387E1FD9EB5C00E9B6DF /* NotificationServiceExt.appex in Embed App Extensions */,
			);
			name = "Embed App Extensions";
			runOnlyForDeploymentPostprocessing = 0;
		};
/* End PBXCopyFilesBuildPhase section */

/* Begin PBXFileReference section */
		09F54EE81D83E8231A36D8AB /* Pods-HawkIt.release.xcconfig */ = {isa = PBXFileReference; includeInIndex = 1; lastKnownFileType = text.xcconfig; name = "Pods-HawkIt.release.xcconfig"; path = "Pods/Target Support Files/Pods-HawkIt/Pods-HawkIt.release.xcconfig"; sourceTree = "<group>"; };
		7B0A5D881FD7100B009C994F /* HawkIt.app */ = {isa = PBXFileReference; explicitFileType = wrapper.application; includeInIndex = 0; path = HawkIt.app; sourceTree = BUILT_PRODUCTS_DIR; };
		7B0A5D8B1FD7100B009C994F /* AppDelegate.swift */ = {isa = PBXFileReference; lastKnownFileType = sourcecode.swift; path = AppDelegate.swift; sourceTree = "<group>"; };
		7B0A5D8D1FD7100B009C994F /* MainVC.swift */ = {isa = PBXFileReference; lastKnownFileType = sourcecode.swift; path = MainVC.swift; sourceTree = "<group>"; };
		7B0A5D901FD7100B009C994F /* Base */ = {isa = PBXFileReference; lastKnownFileType = file.storyboard; name = Base; path = Base.lproj/Main.storyboard; sourceTree = "<group>"; };
		7B0A5D921FD7100B009C994F /* Assets.xcassets */ = {isa = PBXFileReference; lastKnownFileType = folder.assetcatalog; path = Assets.xcassets; sourceTree = "<group>"; };
		7B0A5D951FD7100B009C994F /* Base */ = {isa = PBXFileReference; lastKnownFileType = file.storyboard; name = Base; path = Base.lproj/LaunchScreen.storyboard; sourceTree = "<group>"; };
		7B0A5D971FD7100B009C994F /* Info.plist */ = {isa = PBXFileReference; lastKnownFileType = text.plist.xml; path = Info.plist; sourceTree = "<group>"; };
		7B0E5CCA1FD74D660086A83B /* Product.swift */ = {isa = PBXFileReference; lastKnownFileType = sourcecode.swift; path = Product.swift; sourceTree = "<group>"; };
		7B0E5CCC1FD74DB40086A83B /* ProductCell.swift */ = {isa = PBXFileReference; lastKnownFileType = sourcecode.swift; path = ProductCell.swift; sourceTree = "<group>"; };
		7B0E5CCE1FD74F5A0086A83B /* Identifiers.swift */ = {isa = PBXFileReference; lastKnownFileType = sourcecode.swift; path = Identifiers.swift; sourceTree = "<group>"; };
		7B0E5CD01FD752000086A83B /* AlertService.swift */ = {isa = PBXFileReference; lastKnownFileType = sourcecode.swift; path = AlertService.swift; sourceTree = "<group>"; };
		7B0E5CD21FD777800086A83B /* UserNotificationService.swift */ = {isa = PBXFileReference; lastKnownFileType = sourcecode.swift; path = UserNotificationService.swift; sourceTree = "<group>"; };
		7B0E5CD41FD77AF70086A83B /* HawkIt.entitlements */ = {isa = PBXFileReference; lastKnownFileType = text.plist.entitlements; path = HawkIt.entitlements; sourceTree = "<group>"; };
		7B0E5CD51FD782830086A83B /* GoogleService-Info.plist */ = {isa = PBXFileReference; fileEncoding = 4; lastKnownFileType = text.plist.xml; path = "GoogleService-Info.plist"; sourceTree = "<group>"; };
		7B2638771FD9EB5C00E9B6DF /* NotificationServiceExt.appex */ = {isa = PBXFileReference; explicitFileType = "wrapper.app-extension"; includeInIndex = 0; path = NotificationServiceExt.appex; sourceTree = BUILT_PRODUCTS_DIR; };
		7B2638791FD9EB5C00E9B6DF /* NotificationService.swift */ = {isa = PBXFileReference; lastKnownFileType = sourcecode.swift; path = NotificationService.swift; sourceTree = "<group>"; };
		7B26387B1FD9EB5C00E9B6DF /* Info.plist */ = {isa = PBXFileReference; lastKnownFileType = text.plist.xml; path = Info.plist; sourceTree = "<group>"; };
		7B2638821FD9F10D00E9B6DF /* DownloadService.swift */ = {isa = PBXFileReference; lastKnownFileType = sourcecode.swift; path = DownloadService.swift; sourceTree = "<group>"; };
		7B4F5C6C1FD8667D005AEE93 /* ProductsSnapshot.swift */ = {isa = PBXFileReference; lastKnownFileType = sourcecode.swift; path = ProductsSnapshot.swift; sourceTree = "<group>"; };
		7B4F5C6E1FD875D5005AEE93 /* ProductsService.swift */ = {isa = PBXFileReference; lastKnownFileType = sourcecode.swift; path = ProductsService.swift; sourceTree = "<group>"; };
		7B5EA4641FD8ABC800812817 /* FIRMessagingService.swift */ = {isa = PBXFileReference; lastKnownFileType = sourcecode.swift; path = FIRMessagingService.swift; sourceTree = "<group>"; };
		7B968D321FD7879F0002029F /* FIRDatabaseService.swift */ = {isa = PBXFileReference; lastKnownFileType = sourcecode.swift; path = FIRDatabaseService.swift; sourceTree = "<group>"; };
		9B3303753402BC5CBA71D9D1 /* Pods_HawkIt.framework */ = {isa = PBXFileReference; explicitFileType = wrapper.framework; includeInIndex = 0; path = Pods_HawkIt.framework; sourceTree = BUILT_PRODUCTS_DIR; };
		F60C3BA01BE97BD99E139C73 /* Pods-HawkIt.debug.xcconfig */ = {isa = PBXFileReference; includeInIndex = 1; lastKnownFileType = text.xcconfig; name = "Pods-HawkIt.debug.xcconfig"; path = "Pods/Target Support Files/Pods-HawkIt/Pods-HawkIt.debug.xcconfig"; sourceTree = "<group>"; };
/* End PBXFileReference section */

/* Begin PBXFrameworksBuildPhase section */
		7B0A5D851FD7100B009C994F /* Frameworks */ = {
			isa = PBXFrameworksBuildPhase;
			buildActionMask = 2147483647;
			files = (
				8BF4EA44089983E25CAEAE8D /* Pods_HawkIt.framework in Frameworks */,
			);
			runOnlyForDeploymentPostprocessing = 0;
		};
		7B2638741FD9EB5C00E9B6DF /* Frameworks */ = {
			isa = PBXFrameworksBuildPhase;
			buildActionMask = 2147483647;
			files = (
			);
			runOnlyForDeploymentPostprocessing = 0;
		};
/* End PBXFrameworksBuildPhase section */

/* Begin PBXGroup section */
		2CC1D88A4542AEA5E9FDE6C7 /* Frameworks */ = {
			isa = PBXGroup;
			children = (
				9B3303753402BC5CBA71D9D1 /* Pods_HawkIt.framework */,
			);
			name = Frameworks;
			sourceTree = "<group>";
		};
		7B0A5D7F1FD7100B009C994F = {
			isa = PBXGroup;
			children = (
				7B0A5D8A1FD7100B009C994F /* HawkIt */,
				7B2638781FD9EB5C00E9B6DF /* NotificationServiceExt */,
				7B0A5D891FD7100B009C994F /* Products */,
				F3029C0F9C2B8AC8565320A8 /* Pods */,
				2CC1D88A4542AEA5E9FDE6C7 /* Frameworks */,
			);
			sourceTree = "<group>";
		};
		7B0A5D891FD7100B009C994F /* Products */ = {
			isa = PBXGroup;
			children = (
				7B0A5D881FD7100B009C994F /* HawkIt.app */,
				7B2638771FD9EB5C00E9B6DF /* NotificationServiceExt.appex */,
			);
			name = Products;
			sourceTree = "<group>";
		};
		7B0A5D8A1FD7100B009C994F /* HawkIt */ = {
			isa = PBXGroup;
			children = (
				7B0E5CD41FD77AF70086A83B /* HawkIt.entitlements */,
				7B0A5DA01FD710EF009C994F /* Services */,
				7B0A5D9F1FD710E9009C994F /* Model */,
				7B0A5D9E1FD710E3009C994F /* View */,
				7B0A5D9D1FD710DD009C994F /* Controller */,
				7B0A5D971FD7100B009C994F /* Info.plist */,
			);
			path = HawkIt;
			sourceTree = "<group>";
		};
		7B0A5D9D1FD710DD009C994F /* Controller */ = {
			isa = PBXGroup;
			children = (
				7B0A5D8B1FD7100B009C994F /* AppDelegate.swift */,
				7B0A5D8D1FD7100B009C994F /* MainVC.swift */,
				7B0E5CD51FD782830086A83B /* GoogleService-Info.plist */,
			);
			path = Controller;
			sourceTree = "<group>";
		};
		7B0A5D9E1FD710E3009C994F /* View */ = {
			isa = PBXGroup;
			children = (
				7B0A5D921FD7100B009C994F /* Assets.xcassets */,
				7B0A5D941FD7100B009C994F /* LaunchScreen.storyboard */,
				7B0A5D8F1FD7100B009C994F /* Main.storyboard */,
				7B0E5CCC1FD74DB40086A83B /* ProductCell.swift */,
			);
			path = View;
			sourceTree = "<group>";
		};
		7B0A5D9F1FD710E9009C994F /* Model */ = {
			isa = PBXGroup;
			children = (
				7B0E5CCA1FD74D660086A83B /* Product.swift */,
				7B0E5CCE1FD74F5A0086A83B /* Identifiers.swift */,
				7B4F5C6C1FD8667D005AEE93 /* ProductsSnapshot.swift */,
			);
			path = Model;
			sourceTree = "<group>";
		};
		7B0A5DA01FD710EF009C994F /* Services */ = {
			isa = PBXGroup;
			children = (
				7B0E5CD01FD752000086A83B /* AlertService.swift */,
				7B0E5CD21FD777800086A83B /* UserNotificationService.swift */,
				7B968D321FD7879F0002029F /* FIRDatabaseService.swift */,
				7B4F5C6E1FD875D5005AEE93 /* ProductsService.swift */,
				7B5EA4641FD8ABC800812817 /* FIRMessagingService.swift */,
			);
			path = Services;
			sourceTree = "<group>";
		};
		7B2638781FD9EB5C00E9B6DF /* NotificationServiceExt */ = {
			isa = PBXGroup;
			children = (
				7B2638821FD9F10D00E9B6DF /* DownloadService.swift */,
				7B2638791FD9EB5C00E9B6DF /* NotificationService.swift */,
				7B26387B1FD9EB5C00E9B6DF /* Info.plist */,
			);
			path = NotificationServiceExt;
			sourceTree = "<group>";
		};
		F3029C0F9C2B8AC8565320A8 /* Pods */ = {
			isa = PBXGroup;
			children = (
				F60C3BA01BE97BD99E139C73 /* Pods-HawkIt.debug.xcconfig */,
				09F54EE81D83E8231A36D8AB /* Pods-HawkIt.release.xcconfig */,
			);
			name = Pods;
			sourceTree = "<group>";
		};
/* End PBXGroup section */

/* Begin PBXNativeTarget section */
		7B0A5D871FD7100B009C994F /* HawkIt */ = {
			isa = PBXNativeTarget;
			buildConfigurationList = 7B0A5D9A1FD7100B009C994F /* Build configuration list for PBXNativeTarget "HawkIt" */;
			buildPhases = (
				E79F958E21CCB4CB432311F7 /* [CP] Check Pods Manifest.lock */,
				7B0A5D841FD7100B009C994F /* Sources */,
				7B0A5D851FD7100B009C994F /* Frameworks */,
				7B0A5D861FD7100B009C994F /* Resources */,
				E470A3EE2D235ACA5377B75B /* [CP] Embed Pods Frameworks */,
				C3BA87CF08CEF31DFB5F9798 /* [CP] Copy Pods Resources */,
				7B4B98B41FD9E81600F2902F /* Embed App Extensions */,
			);
			buildRules = (
			);
			dependencies = (
				7B26387D1FD9EB5C00E9B6DF /* PBXTargetDependency */,
			);
			name = HawkIt;
			productName = HawkIt;
			productReference = 7B0A5D881FD7100B009C994F /* HawkIt.app */;
			productType = "com.apple.product-type.application";
		};
		7B2638761FD9EB5C00E9B6DF /* NotificationServiceExt */ = {
			isa = PBXNativeTarget;
			buildConfigurationList = 7B2638811FD9EB5C00E9B6DF /* Build configuration list for PBXNativeTarget "NotificationServiceExt" */;
			buildPhases = (
				7B2638731FD9EB5C00E9B6DF /* Sources */,
				7B2638741FD9EB5C00E9B6DF /* Frameworks */,
				7B2638751FD9EB5C00E9B6DF /* Resources */,
			);
			buildRules = (
			);
			dependencies = (
			);
			name = NotificationServiceExt;
			productName = NotificationServiceExt;
			productReference = 7B2638771FD9EB5C00E9B6DF /* NotificationServiceExt.appex */;
			productType = "com.apple.product-type.app-extension";
		};
/* End PBXNativeTarget section */

/* Begin PBXProject section */
		7B0A5D801FD7100B009C994F /* Project object */ = {
			isa = PBXProject;
			attributes = {
				LastSwiftUpdateCheck = 0920;
				LastUpgradeCheck = 0920;
				ORGANIZATIONNAME = "Dan Lindsay";
				TargetAttributes = {
					7B0A5D871FD7100B009C994F = {
						CreatedOnToolsVersion = 9.2;
						ProvisioningStyle = Automatic;
						SystemCapabilities = {
							com.apple.BackgroundModes = {
								enabled = 1;
							};
							com.apple.Push = {
								enabled = 1;
							};
						};
					};
					7B2638761FD9EB5C00E9B6DF = {
						CreatedOnToolsVersion = 9.2;
						ProvisioningStyle = Automatic;
					};
				};
			};
			buildConfigurationList = 7B0A5D831FD7100B009C994F /* Build configuration list for PBXProject "HawkIt" */;
			compatibilityVersion = "Xcode 8.0";
			developmentRegion = en;
			hasScannedForEncodings = 0;
			knownRegions = (
				en,
				Base,
			);
			mainGroup = 7B0A5D7F1FD7100B009C994F;
			productRefGroup = 7B0A5D891FD7100B009C994F /* Products */;
			projectDirPath = "";
			projectRoot = "";
			targets = (
				7B0A5D871FD7100B009C994F /* HawkIt */,
				7B2638761FD9EB5C00E9B6DF /* NotificationServiceExt */,
			);
		};
/* End PBXProject section */

/* Begin PBXResourcesBuildPhase section */
		7B0A5D861FD7100B009C994F /* Resources */ = {
			isa = PBXResourcesBuildPhase;
			buildActionMask = 2147483647;
			files = (
				7B0A5D961FD7100B009C994F /* LaunchScreen.storyboard in Resources */,
				7B0E5CD61FD782830086A83B /* GoogleService-Info.plist in Resources */,
				7B0A5D931FD7100B009C994F /* Assets.xcassets in Resources */,
				7B0A5D911FD7100B009C994F /* Main.storyboard in Resources */,
			);
			runOnlyForDeploymentPostprocessing = 0;
		};
		7B2638751FD9EB5C00E9B6DF /* Resources */ = {
			isa = PBXResourcesBuildPhase;
			buildActionMask = 2147483647;
			files = (
			);
			runOnlyForDeploymentPostprocessing = 0;
		};
/* End PBXResourcesBuildPhase section */

/* Begin PBXShellScriptBuildPhase section */
		C3BA87CF08CEF31DFB5F9798 /* [CP] Copy Pods Resources */ = {
			isa = PBXShellScriptBuildPhase;
			buildActionMask = 2147483647;
			files = (
			);
			inputPaths = (
			);
			name = "[CP] Copy Pods Resources";
			outputPaths = (
			);
			runOnlyForDeploymentPostprocessing = 0;
			shellPath = /bin/sh;
			shellScript = "\"${SRCROOT}/Pods/Target Support Files/Pods-HawkIt/Pods-HawkIt-resources.sh\"\n";
			showEnvVarsInLog = 0;
		};
		E470A3EE2D235ACA5377B75B /* [CP] Embed Pods Frameworks */ = {
			isa = PBXShellScriptBuildPhase;
			buildActionMask = 2147483647;
			files = (
			);
			inputPaths = (
				"${SRCROOT}/Pods/Target Support Files/Pods-HawkIt/Pods-HawkIt-frameworks.sh",
				"${BUILT_PRODUCTS_DIR}/GoogleToolboxForMac/GoogleToolboxForMac.framework",
				"${BUILT_PRODUCTS_DIR}/Protobuf/Protobuf.framework",
				"${BUILT_PRODUCTS_DIR}/leveldb-library/leveldb.framework",
				"${BUILT_PRODUCTS_DIR}/nanopb/nanopb.framework",
			);
			name = "[CP] Embed Pods Frameworks";
			outputPaths = (
				"${TARGET_BUILD_DIR}/${FRAMEWORKS_FOLDER_PATH}/GoogleToolboxForMac.framework",
				"${TARGET_BUILD_DIR}/${FRAMEWORKS_FOLDER_PATH}/Protobuf.framework",
				"${TARGET_BUILD_DIR}/${FRAMEWORKS_FOLDER_PATH}/leveldb.framework",
				"${TARGET_BUILD_DIR}/${FRAMEWORKS_FOLDER_PATH}/nanopb.framework",
			);
			runOnlyForDeploymentPostprocessing = 0;
			shellPath = /bin/sh;
			shellScript = "\"${SRCROOT}/Pods/Target Support Files/Pods-HawkIt/Pods-HawkIt-frameworks.sh\"\n";
			showEnvVarsInLog = 0;
		};
		E79F958E21CCB4CB432311F7 /* [CP] Check Pods Manifest.lock */ = {
			isa = PBXShellScriptBuildPhase;
			buildActionMask = 2147483647;
			files = (
			);
			inputPaths = (
				"${PODS_PODFILE_DIR_PATH}/Podfile.lock",
				"${PODS_ROOT}/Manifest.lock",
			);
			name = "[CP] Check Pods Manifest.lock";
			outputPaths = (
				"$(DERIVED_FILE_DIR)/Pods-HawkIt-checkManifestLockResult.txt",
			);
			runOnlyForDeploymentPostprocessing = 0;
			shellPath = /bin/sh;
			shellScript = "diff \"${PODS_PODFILE_DIR_PATH}/Podfile.lock\" \"${PODS_ROOT}/Manifest.lock\" > /dev/null\nif [ $? != 0 ] ; then\n    # print error to STDERR\n    echo \"error: The sandbox is not in sync with the Podfile.lock. Run 'pod install' or update your CocoaPods installation.\" >&2\n    exit 1\nfi\n# This output is used by Xcode 'outputs' to avoid re-running this script phase.\necho \"SUCCESS\" > \"${SCRIPT_OUTPUT_FILE_0}\"\n";
			showEnvVarsInLog = 0;
		};
/* End PBXShellScriptBuildPhase section */

/* Begin PBXSourcesBuildPhase section */
		7B0A5D841FD7100B009C994F /* Sources */ = {
			isa = PBXSourcesBuildPhase;
			buildActionMask = 2147483647;
			files = (
				7B0A5D8E1FD7100B009C994F /* MainVC.swift in Sources */,
				7B0E5CD31FD777800086A83B /* UserNotificationService.swift in Sources */,
				7B968D331FD7879F0002029F /* FIRDatabaseService.swift in Sources */,
				7B0E5CCD1FD74DB40086A83B /* ProductCell.swift in Sources */,
				7B0A5D8C1FD7100B009C994F /* AppDelegate.swift in Sources */,
				7B0E5CCF1FD74F5A0086A83B /* Identifiers.swift in Sources */,
				7B4F5C6D1FD8667D005AEE93 /* ProductsSnapshot.swift in Sources */,
				7B0E5CD11FD752000086A83B /* AlertService.swift in Sources */,
				7B0E5CCB1FD74D660086A83B /* Product.swift in Sources */,
				7B5EA4651FD8ABC800812817 /* FIRMessagingService.swift in Sources */,
				7B4F5C6F1FD875D5005AEE93 /* ProductsService.swift in Sources */,
			);
			runOnlyForDeploymentPostprocessing = 0;
		};
		7B2638731FD9EB5C00E9B6DF /* Sources */ = {
			isa = PBXSourcesBuildPhase;
			buildActionMask = 2147483647;
			files = (
				7B26387A1FD9EB5C00E9B6DF /* NotificationService.swift in Sources */,
				7B2638861FD9F46000E9B6DF /* DownloadService.swift in Sources */,
			);
			runOnlyForDeploymentPostprocessing = 0;
		};
/* End PBXSourcesBuildPhase section */

/* Begin PBXTargetDependency section */
		7B26387D1FD9EB5C00E9B6DF /* PBXTargetDependency */ = {
			isa = PBXTargetDependency;
			target = 7B2638761FD9EB5C00E9B6DF /* NotificationServiceExt */;
			targetProxy = 7B26387C1FD9EB5C00E9B6DF /* PBXContainerItemProxy */;
		};
/* End PBXTargetDependency section */

/* Begin PBXVariantGroup section */
		7B0A5D8F1FD7100B009C994F /* Main.storyboard */ = {
			isa = PBXVariantGroup;
			children = (
				7B0A5D901FD7100B009C994F /* Base */,
			);
			name = Main.storyboard;
			sourceTree = "<group>";
		};
		7B0A5D941FD7100B009C994F /* LaunchScreen.storyboard */ = {
			isa = PBXVariantGroup;
			children = (
				7B0A5D951FD7100B009C994F /* Base */,
			);
			name = LaunchScreen.storyboard;
			sourceTree = "<group>";
		};
/* End PBXVariantGroup section */

/* Begin XCBuildConfiguration section */
		7B0A5D981FD7100B009C994F /* Debug */ = {
			isa = XCBuildConfiguration;
			buildSettings = {
				ALWAYS_SEARCH_USER_PATHS = NO;
				CLANG_ANALYZER_NONNULL = YES;
				CLANG_ANALYZER_NUMBER_OBJECT_CONVERSION = YES_AGGRESSIVE;
				CLANG_CXX_LANGUAGE_STANDARD = "gnu++14";
				CLANG_CXX_LIBRARY = "libc++";
				CLANG_ENABLE_MODULES = YES;
				CLANG_ENABLE_OBJC_ARC = YES;
				CLANG_WARN_BLOCK_CAPTURE_AUTORELEASING = YES;
				CLANG_WARN_BOOL_CONVERSION = YES;
				CLANG_WARN_COMMA = YES;
				CLANG_WARN_CONSTANT_CONVERSION = YES;
				CLANG_WARN_DIRECT_OBJC_ISA_USAGE = YES_ERROR;
				CLANG_WARN_DOCUMENTATION_COMMENTS = YES;
				CLANG_WARN_EMPTY_BODY = YES;
				CLANG_WARN_ENUM_CONVERSION = YES;
				CLANG_WARN_INFINITE_RECURSION = YES;
				CLANG_WARN_INT_CONVERSION = YES;
				CLANG_WARN_NON_LITERAL_NULL_CONVERSION = YES;
				CLANG_WARN_OBJC_LITERAL_CONVERSION = YES;
				CLANG_WARN_OBJC_ROOT_CLASS = YES_ERROR;
				CLANG_WARN_RANGE_LOOP_ANALYSIS = YES;
				CLANG_WARN_STRICT_PROTOTYPES = YES;
				CLANG_WARN_SUSPICIOUS_MOVE = YES;
				CLANG_WARN_UNGUARDED_AVAILABILITY = YES_AGGRESSIVE;
				CLANG_WARN_UNREACHABLE_CODE = YES;
				CLANG_WARN__DUPLICATE_METHOD_MATCH = YES;
				CODE_SIGN_IDENTITY = "iPhone Developer";
				COPY_PHASE_STRIP = NO;
				DEBUG_INFORMATION_FORMAT = dwarf;
				ENABLE_STRICT_OBJC_MSGSEND = YES;
				ENABLE_TESTABILITY = YES;
				GCC_C_LANGUAGE_STANDARD = gnu11;
				GCC_DYNAMIC_NO_PIC = NO;
				GCC_NO_COMMON_BLOCKS = YES;
				GCC_OPTIMIZATION_LEVEL = 0;
				GCC_PREPROCESSOR_DEFINITIONS = (
					"DEBUG=1",
					"$(inherited)",
				);
				GCC_WARN_64_TO_32_BIT_CONVERSION = YES;
				GCC_WARN_ABOUT_RETURN_TYPE = YES_ERROR;
				GCC_WARN_UNDECLARED_SELECTOR = YES;
				GCC_WARN_UNINITIALIZED_AUTOS = YES_AGGRESSIVE;
				GCC_WARN_UNUSED_FUNCTION = YES;
				GCC_WARN_UNUSED_VARIABLE = YES;
				IPHONEOS_DEPLOYMENT_TARGET = 11.0;
				MTL_ENABLE_DEBUG_INFO = YES;
				ONLY_ACTIVE_ARCH = YES;
				SDKROOT = iphoneos;
				SWIFT_ACTIVE_COMPILATION_CONDITIONS = DEBUG;
				SWIFT_OPTIMIZATION_LEVEL = "-Onone";
			};
			name = Debug;
		};
		7B0A5D991FD7100B009C994F /* Release */ = {
			isa = XCBuildConfiguration;
			buildSettings = {
				ALWAYS_SEARCH_USER_PATHS = NO;
				CLANG_ANALYZER_NONNULL = YES;
				CLANG_ANALYZER_NUMBER_OBJECT_CONVERSION = YES_AGGRESSIVE;
				CLANG_CXX_LANGUAGE_STANDARD = "gnu++14";
				CLANG_CXX_LIBRARY = "libc++";
				CLANG_ENABLE_MODULES = YES;
				CLANG_ENABLE_OBJC_ARC = YES;
				CLANG_WARN_BLOCK_CAPTURE_AUTORELEASING = YES;
				CLANG_WARN_BOOL_CONVERSION = YES;
				CLANG_WARN_COMMA = YES;
				CLANG_WARN_CONSTANT_CONVERSION = YES;
				CLANG_WARN_DIRECT_OBJC_ISA_USAGE = YES_ERROR;
				CLANG_WARN_DOCUMENTATION_COMMENTS = YES;
				CLANG_WARN_EMPTY_BODY = YES;
				CLANG_WARN_ENUM_CONVERSION = YES;
				CLANG_WARN_INFINITE_RECURSION = YES;
				CLANG_WARN_INT_CONVERSION = YES;
				CLANG_WARN_NON_LITERAL_NULL_CONVERSION = YES;
				CLANG_WARN_OBJC_LITERAL_CONVERSION = YES;
				CLANG_WARN_OBJC_ROOT_CLASS = YES_ERROR;
				CLANG_WARN_RANGE_LOOP_ANALYSIS = YES;
				CLANG_WARN_STRICT_PROTOTYPES = YES;
				CLANG_WARN_SUSPICIOUS_MOVE = YES;
				CLANG_WARN_UNGUARDED_AVAILABILITY = YES_AGGRESSIVE;
				CLANG_WARN_UNREACHABLE_CODE = YES;
				CLANG_WARN__DUPLICATE_METHOD_MATCH = YES;
				CODE_SIGN_IDENTITY = "iPhone Developer";
				COPY_PHASE_STRIP = NO;
				DEBUG_INFORMATION_FORMAT = "dwarf-with-dsym";
				ENABLE_NS_ASSERTIONS = NO;
				ENABLE_STRICT_OBJC_MSGSEND = YES;
				GCC_C_LANGUAGE_STANDARD = gnu11;
				GCC_NO_COMMON_BLOCKS = YES;
				GCC_WARN_64_TO_32_BIT_CONVERSION = YES;
				GCC_WARN_ABOUT_RETURN_TYPE = YES_ERROR;
				GCC_WARN_UNDECLARED_SELECTOR = YES;
				GCC_WARN_UNINITIALIZED_AUTOS = YES_AGGRESSIVE;
				GCC_WARN_UNUSED_FUNCTION = YES;
				GCC_WARN_UNUSED_VARIABLE = YES;
				IPHONEOS_DEPLOYMENT_TARGET = 11.0;
				MTL_ENABLE_DEBUG_INFO = NO;
				SDKROOT = iphoneos;
				SWIFT_OPTIMIZATION_LEVEL = "-Owholemodule";
				VALIDATE_PRODUCT = YES;
			};
			name = Release;
		};
		7B0A5D9B1FD7100B009C994F /* Debug */ = {
			isa = XCBuildConfiguration;
			baseConfigurationReference = F60C3BA01BE97BD99E139C73 /* Pods-HawkIt.debug.xcconfig */;
			buildSettings = {
				ALWAYS_EMBED_SWIFT_STANDARD_LIBRARIES = YES;
				ASSETCATALOG_COMPILER_APPICON_NAME = AppIcon;
				CODE_SIGN_ENTITLEMENTS = HawkIt/HawkIt.entitlements;
				CODE_SIGN_STYLE = Automatic;
				DEVELOPMENT_TEAM = 999T2QHS45;
				INFOPLIST_FILE = HawkIt/Info.plist;
				IPHONEOS_DEPLOYMENT_TARGET = 11.0;
				LD_RUNPATH_SEARCH_PATHS = "$(inherited) @executable_path/Frameworks";
				PRODUCT_BUNDLE_IDENTIFIER = com.dreamerongo.HawkIt;
				PRODUCT_NAME = "$(TARGET_NAME)";
				SWIFT_VERSION = 4.0;
				TARGETED_DEVICE_FAMILY = "1,2";
			};
			name = Debug;
		};
		7B0A5D9C1FD7100B009C994F /* Release */ = {
			isa = XCBuildConfiguration;
			baseConfigurationReference = 09F54EE81D83E8231A36D8AB /* Pods-HawkIt.release.xcconfig */;
			buildSettings = {
				ALWAYS_EMBED_SWIFT_STANDARD_LIBRARIES = YES;
				ASSETCATALOG_COMPILER_APPICON_NAME = AppIcon;
				CODE_SIGN_ENTITLEMENTS = HawkIt/HawkIt.entitlements;
				CODE_SIGN_STYLE = Automatic;
				DEVELOPMENT_TEAM = 999T2QHS45;
				INFOPLIST_FILE = HawkIt/Info.plist;
				IPHONEOS_DEPLOYMENT_TARGET = 11.0;
				LD_RUNPATH_SEARCH_PATHS = "$(inherited) @executable_path/Frameworks";
				PRODUCT_BUNDLE_IDENTIFIER = com.dreamerongo.HawkIt;
				PRODUCT_NAME = "$(TARGET_NAME)";
				SWIFT_VERSION = 4.0;
				TARGETED_DEVICE_FAMILY = "1,2";
			};
			name = Release;
		};
		7B26387F1FD9EB5C00E9B6DF /* Debug */ = {
			isa = XCBuildConfiguration;
			buildSettings = {
				CODE_SIGN_STYLE = Automatic;
				DEVELOPMENT_TEAM = 999T2QHS45;
				INFOPLIST_FILE = NotificationServiceExt/Info.plist;
				IPHONEOS_DEPLOYMENT_TARGET = 11.0;
				LD_RUNPATH_SEARCH_PATHS = "$(inherited) @executable_path/Frameworks @executable_path/../../Frameworks";
				PRODUCT_BUNDLE_IDENTIFIER = com.dreamerongo.HawkIt.NotificationServiceExt;
				PRODUCT_NAME = "$(TARGET_NAME)";
				SKIP_INSTALL = YES;
				SWIFT_VERSION = 4.0;
				TARGETED_DEVICE_FAMILY = "1,2";
			};
			name = Debug;
		};
		7B2638801FD9EB5C00E9B6DF /* Release */ = {
			isa = XCBuildConfiguration;
			buildSettings = {
				CODE_SIGN_STYLE = Automatic;
				DEVELOPMENT_TEAM = 999T2QHS45;
				INFOPLIST_FILE = NotificationServiceExt/Info.plist;
				IPHONEOS_DEPLOYMENT_TARGET = 11.0;
				LD_RUNPATH_SEARCH_PATHS = "$(inherited) @executable_path/Frameworks @executable_path/../../Frameworks";
				PRODUCT_BUNDLE_IDENTIFIER = com.dreamerongo.HawkIt.NotificationServiceExt;
				PRODUCT_NAME = "$(TARGET_NAME)";
				SKIP_INSTALL = YES;
				SWIFT_VERSION = 4.0;
				TARGETED_DEVICE_FAMILY = "1,2";
			};
			name = Release;
		};
/* End XCBuildConfiguration section */

/* Begin XCConfigurationList section */
		7B0A5D831FD7100B009C994F /* Build configuration list for PBXProject "HawkIt" */ = {
			isa = XCConfigurationList;
			buildConfigurations = (
				7B0A5D981FD7100B009C994F /* Debug */,
				7B0A5D991FD7100B009C994F /* Release */,
			);
			defaultConfigurationIsVisible = 0;
			defaultConfigurationName = Release;
		};
		7B0A5D9A1FD7100B009C994F /* Build configuration list for PBXNativeTarget "HawkIt" */ = {
			isa = XCConfigurationList;
			buildConfigurations = (
				7B0A5D9B1FD7100B009C994F /* Debug */,
				7B0A5D9C1FD7100B009C994F /* Release */,
			);
			defaultConfigurationIsVisible = 0;
			defaultConfigurationName = Release;
		};
		7B2638811FD9EB5C00E9B6DF /* Build configuration list for PBXNativeTarget "NotificationServiceExt" */ = {
			isa = XCConfigurationList;
			buildConfigurations = (
				7B26387F1FD9EB5C00E9B6DF /* Debug */,
				7B2638801FD9EB5C00E9B6DF /* Release */,
			);
			defaultConfigurationIsVisible = 0;
			defaultConfigurationName = Release;
		};
/* End XCConfigurationList section */
	};
	rootObject = 7B0A5D801FD7100B009C994F /* Project object */;
}
